
Microsoft Visual Studio Solution File, Format Version 12.00
# Visual Studio 15
VisualStudioVersion = 15.0.27428.2027
MinimumVisualStudioVersion = 10.0.40219.1
Project("{FAE04EC0-301F-11D3-BF4B-00C04F79EFBC}") = "Maze_TrustPilot", "Maze_TrustPilot\Maze_TrustPilot.csproj", "{D6E450EE-E809-4864-B3B2-758148E9F0CB}"
EndProject
Global
	GlobalSection(SolutionConfigurationPlatforms) = preSolution
		Debug|Any CPU = Debug|Any CPU
		Release|Any CPU = Release|Any CPU
	EndGlobalSection
	GlobalSection(ProjectConfigurationPlatforms) = postSolution
		{D6E450EE-E809-4864-B3B2-758148E9F0CB}.Debug|Any CPU.ActiveCfg = Debug|Any CPU
		{D6E450EE-E809-4864-B3B2-758148E9F0CB}.Debug|Any CPU.Build.0 = Debug|Any CPU
		{D6E450EE-E809-4864-B3B2-758148E9F0CB}.Release|Any CPU.ActiveCfg = Release|Any CPU
		{D6E450EE-E809-4864-B3B2-758148E9F0CB}.Release|Any CPU.Build.0 = Release|Any CPU
	EndGlobalSection
	GlobalSection(SolutionProperties) = preSolution
		HideSolutionNode = FALSE
	EndGlobalSection
	GlobalSection(ExtensibilityGlobals) = postSolution
		SolutionGuid = {0F1A4ACD-E0EE-4568-B335-D248CF2A09A5}
	EndGlobalSection
EndGlobal
